
Microsoft Visual Studio Solution File, Format Version 12.00
# Visual Studio Version 16
VisualStudioVersion = 16.0.30204.135
MinimumVisualStudioVersion = 10.0.40219.1
Project("{FAE04EC0-301F-11D3-BF4B-00C04F79EFBC}") = "MySuperBank", "MySuperBank\MySuperBank.csproj", "{DBAC0479-D6CC-4BE9-8B8D-16A4661A560C}"
EndProject
Global
	GlobalSection(SolutionConfigurationPlatforms) = preSolution
		Debug|Any CPU = Debug|Any CPU
		Release|Any CPU = Release|Any CPU
	EndGlobalSection
	GlobalSection(ProjectConfigurationPlatforms) = postSolution
		{DBAC0479-D6CC-4BE9-8B8D-16A4661A560C}.Debug|Any CPU.ActiveCfg = Debug|Any CPU
		{DBAC0479-D6CC-4BE9-8B8D-16A4661A560C}.Debug|Any CPU.Build.0 = Debug|Any CPU
		{DBAC0479-D6CC-4BE9-8B8D-16A4661A560C}.Release|Any CPU.ActiveCfg = Release|Any CPU
		{DBAC0479-D6CC-4BE9-8B8D-16A4661A560C}.Release|Any CPU.Build.0 = Release|Any CPU
	EndGlobalSection
	GlobalSection(SolutionProperties) = preSolution
		HideSolutionNode = FALSE
	EndGlobalSection
	GlobalSection(ExtensibilityGlobals) = postSolution
		SolutionGuid = {44741C68-AAE5-46D7-A7A2-1E1A110ADF7A}
	EndGlobalSection
EndGlobal
